
Microsoft Visual Studio Solution File, Format Version 12.00
# Visual Studio Version 17
VisualStudioVersion = 17.4.33213.308
MinimumVisualStudioVersion = 10.0.40219.1
Project("{FAE04EC0-301F-11D3-BF4B-00C04F79EFBC}") = "smarthealth", "smarthealth\smarthealth.csproj", "{64EE6C17-F709-45BB-AB46-AFA33F3D2E6B}"
EndProject
Global
	GlobalSection(SolutionConfigurationPlatforms) = preSolution
		Debug|Any CPU = Debug|Any CPU
		Release|Any CPU = Release|Any CPU
	EndGlobalSection
	GlobalSection(ProjectConfigurationPlatforms) = postSolution
		{64EE6C17-F709-45BB-AB46-AFA33F3D2E6B}.Debug|Any CPU.ActiveCfg = Debug|Any CPU
		{64EE6C17-F709-45BB-AB46-AFA33F3D2E6B}.Debug|Any CPU.Build.0 = Debug|Any CPU
		{64EE6C17-F709-45BB-AB46-AFA33F3D2E6B}.Release|Any CPU.ActiveCfg = Release|Any CPU
		{64EE6C17-F709-45BB-AB46-AFA33F3D2E6B}.Release|Any CPU.Build.0 = Release|Any CPU
	EndGlobalSection
	GlobalSection(SolutionProperties) = preSolution
		HideSolutionNode = FALSE
	EndGlobalSection
	GlobalSection(ExtensibilityGlobals) = postSolution
		SolutionGuid = {725061C5-D2CB-4D76-B0BA-6E64F1EB8D88}
	EndGlobalSection
EndGlobal
